<?xml version="1.0" encoding="UTF-8" standalone="yes" ?>
<CodeBlocks_project_file>
	<FileVersion major="1" minor="6" />
	<Project>
		<Option title="Life-game" />
		<Option pch_mode="2" />
		<Option compiler="gcc" />
		<Build>
			<Target title="Debug">
				<Option output="bin/Debug/Life-game" prefix_auto="1" extension_auto="1" />
				<Option object_output="obj/Debug/" />
				<Option type="1" />
				<Option compiler="gcc" />
				<Option use_console_runner="0" />
				<Compiler>
					<Add option="-std=gnu++17" />
					<Add option="-g" />
					<Add directory="include" />
					<Add directory="/usr/include/SFML" />
				</Compiler>
				<Linker>
					<Add library="sfml-graphics" />
					<Add library="sfml-window" />
					<Add library="sfml-system" />
					<Add directory="/usr/lib/x86_64-linux-gnu" />
				</Linker>
			</Target>
			<Target title="Release">
				<Option output="bin/Release/Life-game" prefix_auto="1" extension_auto="1" />
				<Option object_output="obj/Release/" />
				<Option type="1" />
				<Option compiler="gcc" />
				<Compiler>
					<Add option="-O2" />
					<Add directory="include" />
					<Add directory="/usr/include/SFML" />
				</Compiler>
				<Linker>
					<Add option="-s" />
					<Add library="sfml-graphics" />
					<Add library="sfml-window" />
					<Add library="sfml-system" />
					<Add directory="/usr/lib/x86_64-linux-gnu" />
				</Linker>
			</Target>
		</Build>
		<Compiler>
			<Add option="-Wall" />
		</Compiler>
		<Unit filename="include/cell.h" />
		<Unit filename="include/check_zone.h" />
		<Unit filename="include/font_load_exception.h" />
		<Unit filename="include/life_game.h" />
		<Unit filename="include/rule.h" />
		<Unit filename="include/rules.h" />
		<Unit filename="include/util.h" />
		<Unit filename="main.cpp" />
		<Unit filename="src/cell.cpp" />
		<Unit filename="src/check_zone.cpp" />
		<Unit filename="src/font_load_exception.cpp" />
		<Unit filename="src/life_game.cpp" />
		<Unit filename="src/rule.cpp" />
		<Unit filename="src/rules.cpp" />
		<Unit filename="src/util.cpp" />
		<Extensions />
	</Project>
</CodeBlocks_project_file>
